
Microsoft Visual Studio Solution File, Format Version 12.00
# Visual Studio Version 16
VisualStudioVersion = 16.0.29609.76
MinimumVisualStudioVersion = 10.0.40219.1
Project("{FAE04EC0-301F-11D3-BF4B-00C04F79EFBC}") = "RECMAP", "WebApplication8\RECMAP.csproj", "{8AD8AA23-4940-4FA6-9621-703FC0BF741B}"
EndProject
Global
	GlobalSection(SolutionConfigurationPlatforms) = preSolution
		Debug|Any CPU = Debug|Any CPU
		Release|Any CPU = Release|Any CPU
	EndGlobalSection
	GlobalSection(ProjectConfigurationPlatforms) = postSolution
		{8AD8AA23-4940-4FA6-9621-703FC0BF741B}.Debug|Any CPU.ActiveCfg = Debug|Any CPU
		{8AD8AA23-4940-4FA6-9621-703FC0BF741B}.Debug|Any CPU.Build.0 = Debug|Any CPU
		{8AD8AA23-4940-4FA6-9621-703FC0BF741B}.Release|Any CPU.ActiveCfg = Release|Any CPU
		{8AD8AA23-4940-4FA6-9621-703FC0BF741B}.Release|Any CPU.Build.0 = Release|Any CPU
	EndGlobalSection
	GlobalSection(SolutionProperties) = preSolution
		HideSolutionNode = FALSE
	EndGlobalSection
	GlobalSection(ExtensibilityGlobals) = postSolution
		SolutionGuid = {ED9D9464-66E5-40E9-BF45-45CF54A9924C}
	EndGlobalSection
EndGlobal
